
Microsoft Visual Studio Solution File, Format Version 12.00
# Visual Studio Version 17
VisualStudioVersion = 17.14.36429.23
MinimumVisualStudioVersion = 10.0.40219.1
Project("{FAE04EC0-301F-11D3-BF4B-00C04F79EFBC}") = "SV22T1020213.Admin", "SV22T1020213.Admin\SV22T1020213.Admin.csproj", "{74783EBE-A919-4BD4-9034-B2ADB6561208}"
EndProject
Project("{2150E333-8FDC-42A3-9474-1A3956D46DE8}") = "Libraries", "Libraries", "{02EA681E-C7D8-13C7-8484-4AC65E1B71E8}"
EndProject
Project("{FAE04EC0-301F-11D3-BF4B-00C04F79EFBC}") = "SV22T1020213.BusinessLayers", "SV22T1020213.BusinessLayers\SV22T1020213.BusinessLayers.csproj", "{9E273675-979D-49D9-9655-BE68958571DB}"
EndProject
Project("{FAE04EC0-301F-11D3-BF4B-00C04F79EFBC}") = "SV22T1020213.DataLayers", "SV22T1020213.DataLayers\SV22T1020213.DataLayers.csproj", "{1A183A19-270A-44A4-9B04-88EF9DA92B3C}"
EndProject
Project("{FAE04EC0-301F-11D3-BF4B-00C04F79EFBC}") = "SV22T1020213.DomainModels", "SV22T1020213.DomainModels\SV22T1020213.DomainModels.csproj", "{6B302DAD-CFE3-4E07-BA19-E614A61B1C30}"
EndProject
Project("{FAE04EC0-301F-11D3-BF4B-00C04F79EFBC}") = "SV22T1020213.Models", "SV22T1020213.Models\SV22T1020213.Models.csproj", "{3B30EBF6-9196-4EDC-B37E-55B463FEB13E}"
EndProject
Project("{2150E333-8FDC-42A3-9474-1A3956D46DE8}") = "Applications", "Applications", "{C6E64AF9-1375-4729-AD36-44BE4EA8B818}"
EndProject
Global
	GlobalSection(SolutionConfigurationPlatforms) = preSolution
		Debug|Any CPU = Debug|Any CPU
		Release|Any CPU = Release|Any CPU
	EndGlobalSection
	GlobalSection(ProjectConfigurationPlatforms) = postSolution
		{74783EBE-A919-4BD4-9034-B2ADB6561208}.Debug|Any CPU.ActiveCfg = Debug|Any CPU
		{74783EBE-A919-4BD4-9034-B2ADB6561208}.Debug|Any CPU.Build.0 = Debug|Any CPU
		{74783EBE-A919-4BD4-9034-B2ADB6561208}.Release|Any CPU.ActiveCfg = Release|Any CPU
		{74783EBE-A919-4BD4-9034-B2ADB6561208}.Release|Any CPU.Build.0 = Release|Any CPU
		{9E273675-979D-49D9-9655-BE68958571DB}.Debug|Any CPU.ActiveCfg = Debug|Any CPU
		{9E273675-979D-49D9-9655-BE68958571DB}.Debug|Any CPU.Build.0 = Debug|Any CPU
		{9E273675-979D-49D9-9655-BE68958571DB}.Release|Any CPU.ActiveCfg = Release|Any CPU
		{9E273675-979D-49D9-9655-BE68958571DB}.Release|Any CPU.Build.0 = Release|Any CPU
		{1A183A19-270A-44A4-9B04-88EF9DA92B3C}.Debug|Any CPU.ActiveCfg = Debug|Any CPU
		{1A183A19-270A-44A4-9B04-88EF9DA92B3C}.Debug|Any CPU.Build.0 = Debug|Any CPU
		{1A183A19-270A-44A4-9B04-88EF9DA92B3C}.Release|Any CPU.ActiveCfg = Release|Any CPU
		{1A183A19-270A-44A4-9B04-88EF9DA92B3C}.Release|Any CPU.Build.0 = Release|Any CPU
		{6B302DAD-CFE3-4E07-BA19-E614A61B1C30}.Debug|Any CPU.ActiveCfg = Debug|Any CPU
		{6B302DAD-CFE3-4E07-BA19-E614A61B1C30}.Debug|Any CPU.Build.0 = Debug|Any CPU
		{6B302DAD-CFE3-4E07-BA19-E614A61B1C30}.Release|Any CPU.ActiveCfg = Release|Any CPU
		{6B302DAD-CFE3-4E07-BA19-E614A61B1C30}.Release|Any CPU.Build.0 = Release|Any CPU
		{3B30EBF6-9196-4EDC-B37E-55B463FEB13E}.Debug|Any CPU.ActiveCfg = Debug|Any CPU
		{3B30EBF6-9196-4EDC-B37E-55B463FEB13E}.Debug|Any CPU.Build.0 = Debug|Any CPU
		{3B30EBF6-9196-4EDC-B37E-55B463FEB13E}.Release|Any CPU.ActiveCfg = Release|Any CPU
		{3B30EBF6-9196-4EDC-B37E-55B463FEB13E}.Release|Any CPU.Build.0 = Release|Any CPU
	EndGlobalSection
	GlobalSection(SolutionProperties) = preSolution
		HideSolutionNode = FALSE
	EndGlobalSection
	GlobalSection(NestedProjects) = preSolution
		{74783EBE-A919-4BD4-9034-B2ADB6561208} = {C6E64AF9-1375-4729-AD36-44BE4EA8B818}
		{9E273675-979D-49D9-9655-BE68958571DB} = {02EA681E-C7D8-13C7-8484-4AC65E1B71E8}
		{1A183A19-270A-44A4-9B04-88EF9DA92B3C} = {02EA681E-C7D8-13C7-8484-4AC65E1B71E8}
		{6B302DAD-CFE3-4E07-BA19-E614A61B1C30} = {02EA681E-C7D8-13C7-8484-4AC65E1B71E8}
		{3B30EBF6-9196-4EDC-B37E-55B463FEB13E} = {02EA681E-C7D8-13C7-8484-4AC65E1B71E8}
	EndGlobalSection
	GlobalSection(ExtensibilityGlobals) = postSolution
		SolutionGuid = {98120775-E231-4E2C-BCED-923B80C4C29F}
	EndGlobalSection
EndGlobal
